// !$*UTF8*$!
{
	archiveVersion = 1;
	classes = {
	};
	objectVersion = 46;
	objects = {

/* Begin PBXBuildFile section */
		68CB0765196FF37800719AA4 /* IrcBot.cpp in Sources */ = {isa = PBXBuildFile; fileRef = 68CB0762196FF37800719AA4 /* IrcBot.cpp */; };
		68CB0766196FF37800719AA4 /* main.cpp in Sources */ = {isa = PBXBuildFile; fileRef = 68CB0764196FF37800719AA4 /* main.cpp */; };
/* End PBXBuildFile section */

/* Begin PBXCopyFilesBuildPhase section */
		68CB0756196FF35B00719AA4 /* CopyFiles */ = {
			isa = PBXCopyFilesBuildPhase;
			buildActionMask = 2147483647;
			dstPath = /usr/share/man/man1/;
			dstSubfolderSpec = 0;
			files = (
			);
			runOnlyForDeploymentPostprocessing = 1;
		};
/* End PBXCopyFilesBuildPhase section */

/* Begin PBXFileReference section */
		68CB0758196FF35B00719AA4 /* bot */ = {isa = PBXFileReference; explicitFileType = "compiled.mach-o.executable"; includeInIndex = 0; path = bot; sourceTree = BUILT_PRODUCTS_DIR; };
		68CB0762196FF37800719AA4 /* IrcBot.cpp */ = {isa = PBXFileReference; fileEncoding = 4; lastKnownFileType = sourcecode.cpp.cpp; path = IrcBot.cpp; sourceTree = "<group>"; };
		68CB0763196FF37800719AA4 /* IrcBot.h */ = {isa = PBXFileReference; fileEncoding = 4; lastKnownFileType = sourcecode.c.h; path = IrcBot.h; sourceTree = "<group>"; };
		68CB0764196FF37800719AA4 /* main.cpp */ = {isa = PBXFileReference; fileEncoding = 4; lastKnownFileType = sourcecode.cpp.cpp; path = main.cpp; sourceTree = "<group>"; };
/* End PBXFileReference section */

/* Begin PBXFrameworksBuildPhase section */
		68CB0755196FF35B00719AA4 /* Frameworks */ = {
			isa = PBXFrameworksBuildPhase;
			buildActionMask = 2147483647;
			files = (
			);
			runOnlyForDeploymentPostprocessing = 0;
		};
/* End PBXFrameworksBuildPhase section */

/* Begin PBXGroup section */
		68CB074F196FF35B00719AA4 = {
			isa = PBXGroup;
			children = (
				68CB075A196FF35B00719AA4 /* bot */,
				68CB0759196FF35B00719AA4 /* Products */,
			);
			sourceTree = "<group>";
		};
		68CB0759196FF35B00719AA4 /* Products */ = {
			isa = PBXGroup;
			children = (
				68CB0758196FF35B00719AA4 /* bot */,
			);
			name = Products;
			sourceTree = "<group>";
		};
		68CB075A196FF35B00719AA4 /* bot */ = {
			isa = PBXGroup;
			children = (
				68CB0762196FF37800719AA4 /* IrcBot.cpp */,
				68CB0763196FF37800719AA4 /* IrcBot.h */,
				68CB0764196FF37800719AA4 /* main.cpp */,
			);
			path = bot;
			sourceTree = "<group>";
		};
/* End PBXGroup section */

/* Begin PBXNativeTarget section */
		68CB0757196FF35B00719AA4 /* bot */ = {
			isa = PBXNativeTarget;
			buildConfigurationList = 68CB075F196FF35B00719AA4 /* Build configuration list for PBXNativeTarget "bot" */;
			buildPhases = (
				68CB0754196FF35B00719AA4 /* Sources */,
				68CB0755196FF35B00719AA4 /* Frameworks */,
				68CB0756196FF35B00719AA4 /* CopyFiles */,
			);
			buildRules = (
			);
			dependencies = (
			);
			name = bot;
			productName = bot;
			productReference = 68CB0758196FF35B00719AA4 /* bot */;
			productType = "com.apple.product-type.tool";
		};
/* End PBXNativeTarget section */

/* Begin PBXProject section */
		68CB0750196FF35B00719AA4 /* Project object */ = {
			isa = PBXProject;
			attributes = {
				LastUpgradeCheck = 0600;
				ORGANIZATIONNAME = Jazka;
				TargetAttributes = {
					68CB0757196FF35B00719AA4 = {
						CreatedOnToolsVersion = 6.0;
					};
				};
			};
			buildConfigurationList = 68CB0753196FF35B00719AA4 /* Build configuration list for PBXProject "bot" */;
			compatibilityVersion = "Xcode 3.2";
			developmentRegion = English;
			hasScannedForEncodings = 0;
			knownRegions = (
				en,
			);
			mainGroup = 68CB074F196FF35B00719AA4;
			productRefGroup = 68CB0759196FF35B00719AA4 /* Products */;
			projectDirPath = "";
			projectRoot = "";
			targets = (
				68CB0757196FF35B00719AA4 /* bot */,
			);
		};
/* End PBXProject section */

/* Begin PBXSourcesBuildPhase section */
		68CB0754196FF35B00719AA4 /* Sources */ = {
			isa = PBXSourcesBuildPhase;
			buildActionMask = 2147483647;
			files = (
				68CB0766196FF37800719AA4 /* main.cpp in Sources */,
				68CB0765196FF37800719AA4 /* IrcBot.cpp in Sources */,
			);
			runOnlyForDeploymentPostprocessing = 0;
		};
/* End PBXSourcesBuildPhase section */

/* Begin XCBuildConfiguration section */
		68CB075D196FF35B00719AA4 /* Debug */ = {
			isa = XCBuildConfiguration;
			buildSettings = {
				ALWAYS_SEARCH_USER_PATHS = NO;
				CLANG_CXX_LANGUAGE_STANDARD = "gnu++0x";
				CLANG_CXX_LIBRARY = "libc++";
				CLANG_ENABLE_MODULES = YES;
				CLANG_ENABLE_OBJC_ARC = YES;
				CLANG_WARN_BOOL_CONVERSION = YES;
				CLANG_WARN_CONSTANT_CONVERSION = YES;
				CLANG_WARN_DIRECT_OBJC_ISA_USAGE = YES_ERROR;
				CLANG_WARN_EMPTY_BODY = YES;
				CLANG_WARN_ENUM_CONVERSION = YES;
				CLANG_WARN_INT_CONVERSION = YES;
				CLANG_WARN_OBJC_ROOT_CLASS = YES_ERROR;
				CLANG_WARN_UNREACHABLE_CODE = YES;
				CLANG_WARN__DUPLICATE_METHOD_MATCH = YES;
				COPY_PHASE_STRIP = NO;
				ENABLE_STRICT_OBJC_MSGSEND = YES;
				GCC_C_LANGUAGE_STANDARD = gnu99;
				GCC_DYNAMIC_NO_PIC = NO;
				GCC_OPTIMIZATION_LEVEL = 0;
				GCC_PREPROCESSOR_DEFINITIONS = (
					"DEBUG=1",
					"$(inherited)",
				);
				GCC_SYMBOLS_PRIVATE_EXTERN = NO;
				GCC_WARN_64_TO_32_BIT_CONVERSION = YES;
				GCC_WARN_ABOUT_RETURN_TYPE = YES_ERROR;
				GCC_WARN_UNDECLARED_SELECTOR = YES;
				GCC_WARN_UNINITIALIZED_AUTOS = YES_AGGRESSIVE;
				GCC_WARN_UNUSED_FUNCTION = YES;
				GCC_WARN_UNUSED_VARIABLE = YES;
				MACOSX_DEPLOYMENT_TARGET = 10.10;
				MTL_ENABLE_DEBUG_INFO = YES;
				ONLY_ACTIVE_ARCH = YES;
				SDKROOT = macosx;
			};
			name = Debug;
		};
		68CB075E196FF35B00719AA4 /* Release */ = {
			isa = XCBuildConfiguration;
			buildSettings = {
				ALWAYS_SEARCH_USER_PATHS = NO;
				CLANG_CXX_LANGUAGE_STANDARD = "gnu++0x";
				CLANG_CXX_LIBRARY = "libc++";
				CLANG_ENABLE_MODULES = YES;
				CLANG_ENABLE_OBJC_ARC = YES;
				CLANG_WARN_BOOL_CONVERSION = YES;
				CLANG_WARN_CONSTANT_CONVERSION = YES;
				CLANG_WARN_DIRECT_OBJC_ISA_USAGE = YES_ERROR;
				CLANG_WARN_EMPTY_BODY = YES;
				CLANG_WARN_ENUM_CONVERSION = YES;
				CLANG_WARN_INT_CONVERSION = YES;
				CLANG_WARN_OBJC_ROOT_CLASS = YES_ERROR;
				CLANG_WARN_UNREACHABLE_CODE = YES;
				CLANG_WARN__DUPLICATE_METHOD_MATCH = YES;
				COPY_PHASE_STRIP = YES;
				DEBUG_INFORMATION_FORMAT = "dwarf-with-dsym";
				ENABLE_NS_ASSERTIONS = NO;
				ENABLE_STRICT_OBJC_MSGSEND = YES;
				GCC_C_LANGUAGE_STANDARD = gnu99;
				GCC_WARN_64_TO_32_BIT_CONVERSION = YES;
				GCC_WARN_ABOUT_RETURN_TYPE = YES_ERROR;
				GCC_WARN_UNDECLARED_SELECTOR = YES;
				GCC_WARN_UNINITIALIZED_AUTOS = YES_AGGRESSIVE;
				GCC_WARN_UNUSED_FUNCTION = YES;
				GCC_WARN_UNUSED_VARIABLE = YES;
				MACOSX_DEPLOYMENT_TARGET = 10.10;
				MTL_ENABLE_DEBUG_INFO = NO;
				SDKROOT = macosx;
			};
			name = Release;
		};
		68CB0760196FF35B00719AA4 /* Debug */ = {
			isa = XCBuildConfiguration;
			buildSettings = {
				PRODUCT_NAME = "$(TARGET_NAME)";
			};
			name = Debug;
		};
		68CB0761196FF35B00719AA4 /* Release */ = {
			isa = XCBuildConfiguration;
			buildSettings = {
				PRODUCT_NAME = "$(TARGET_NAME)";
			};
			name = Release;
		};
/* End XCBuildConfiguration section */

/* Begin XCConfigurationList section */
		68CB0753196FF35B00719AA4 /* Build configuration list for PBXProject "bot" */ = {
			isa = XCConfigurationList;
			buildConfigurations = (
				68CB075D196FF35B00719AA4 /* Debug */,
				68CB075E196FF35B00719AA4 /* Release */,
			);
			defaultConfigurationIsVisible = 0;
			defaultConfigurationName = Release;
		};
		68CB075F196FF35B00719AA4 /* Build configuration list for PBXNativeTarget "bot" */ = {
			isa = XCConfigurationList;
			buildConfigurations = (
				68CB0760196FF35B00719AA4 /* Debug */,
				68CB0761196FF35B00719AA4 /* Release */,
			);
			defaultConfigurationIsVisible = 0;
		};
/* End XCConfigurationList section */
	};
	rootObject = 68CB0750196FF35B00719AA4 /* Project object */;
}
